// !$*UTF8*$!
{
	archiveVersion = 1;
	classes = {
	};
	objectVersion = 48;
	objects = {

/* Begin PBXBuildFile section */
		E8D3EB24207B09B500A8DD87 /* AppDelegate.swift in Sources */ = {isa = PBXBuildFile; fileRef = E8D3EB23207B09B500A8DD87 /* AppDelegate.swift */; };
		E8D3EB26207B09B600A8DD87 /* ViewController.swift in Sources */ = {isa = PBXBuildFile; fileRef = E8D3EB25207B09B600A8DD87 /* ViewController.swift */; };
		E8D3EB29207B09B600A8DD87 /* Main.storyboard in Resources */ = {isa = PBXBuildFile; fileRef = E8D3EB27207B09B600A8DD87 /* Main.storyboard */; };
		E8D3EB2C207B09B600A8DD87 /* LearningLayout.xcdatamodeld in Sources */ = {isa = PBXBuildFile; fileRef = E8D3EB2A207B09B600A8DD87 /* LearningLayout.xcdatamodeld */; };
		E8D3EB2E207B09B600A8DD87 /* Assets.xcassets in Resources */ = {isa = PBXBuildFile; fileRef = E8D3EB2D207B09B600A8DD87 /* Assets.xcassets */; };
		E8D3EB31207B09B700A8DD87 /* LaunchScreen.storyboard in Resources */ = {isa = PBXBuildFile; fileRef = E8D3EB2F207B09B700A8DD87 /* LaunchScreen.storyboard */; };
		E8D3EB39207B09EB00A8DD87 /* TabOneController.swift in Sources */ = {isa = PBXBuildFile; fileRef = E8D3EB38207B09EB00A8DD87 /* TabOneController.swift */; };
		E8D3EB3B207B0AE000A8DD87 /* TabTwoController.swift in Sources */ = {isa = PBXBuildFile; fileRef = E8D3EB3A207B0AE000A8DD87 /* TabTwoController.swift */; };
		E8D3EB3D207B0B4900A8DD87 /* TabTreeController.swift in Sources */ = {isa = PBXBuildFile; fileRef = E8D3EB3C207B0B4900A8DD87 /* TabTreeController.swift */; };
		E8D3EB41207B0E1D00A8DD87 /* HomeActivityController.swift in Sources */ = {isa = PBXBuildFile; fileRef = E8D3EB40207B0E1D00A8DD87 /* HomeActivityController.swift */; };
		E8D3EB43207B3CD300A8DD87 /* TableViewCell.swift in Sources */ = {isa = PBXBuildFile; fileRef = E8D3EB42207B3CD300A8DD87 /* TableViewCell.swift */; };
		E8D3EB45207B416400A8DD87 /* CommonUtil.swift in Sources */ = {isa = PBXBuildFile; fileRef = E8D3EB44207B416400A8DD87 /* CommonUtil.swift */; };
		E8D3EB47207B465600A8DD87 /* TableViewHeaderSection.swift in Sources */ = {isa = PBXBuildFile; fileRef = E8D3EB46207B465600A8DD87 /* TableViewHeaderSection.swift */; };
		E8D3EB4C207B48F700A8DD87 /* icon.png in Resources */ = {isa = PBXBuildFile; fileRef = E8D3EB4A207B48F600A8DD87 /* icon.png */; };
		E8D3EB4D207B48F700A8DD87 /* icon2x.png in Resources */ = {isa = PBXBuildFile; fileRef = E8D3EB4B207B48F700A8DD87 /* icon2x.png */; };
		E8D3EB4F207B587E00A8DD87 /* DemoTableViewController.swift in Sources */ = {isa = PBXBuildFile; fileRef = E8D3EB4E207B587E00A8DD87 /* DemoTableViewController.swift */; };
/* End PBXBuildFile section */

/* Begin PBXFileReference section */
		E8D3EB20207B09B500A8DD87 /* LearningLayout.app */ = {isa = PBXFileReference; explicitFileType = wrapper.application; includeInIndex = 0; path = LearningLayout.app; sourceTree = BUILT_PRODUCTS_DIR; };
		E8D3EB23207B09B500A8DD87 /* AppDelegate.swift */ = {isa = PBXFileReference; lastKnownFileType = sourcecode.swift; path = AppDelegate.swift; sourceTree = "<group>"; };
		E8D3EB25207B09B600A8DD87 /* ViewController.swift */ = {isa = PBXFileReference; lastKnownFileType = sourcecode.swift; path = ViewController.swift; sourceTree = "<group>"; };
		E8D3EB28207B09B600A8DD87 /* Base */ = {isa = PBXFileReference; lastKnownFileType = file.storyboard; name = Base; path = Base.lproj/Main.storyboard; sourceTree = "<group>"; };
		E8D3EB2B207B09B600A8DD87 /* LearningLayout.xcdatamodel */ = {isa = PBXFileReference; lastKnownFileType = wrapper.xcdatamodel; path = LearningLayout.xcdatamodel; sourceTree = "<group>"; };
		E8D3EB2D207B09B600A8DD87 /* Assets.xcassets */ = {isa = PBXFileReference; lastKnownFileType = folder.assetcatalog; path = Assets.xcassets; sourceTree = "<group>"; };
		E8D3EB30207B09B700A8DD87 /* Base */ = {isa = PBXFileReference; lastKnownFileType = file.storyboard; name = Base; path = Base.lproj/LaunchScreen.storyboard; sourceTree = "<group>"; };
		E8D3EB32207B09B700A8DD87 /* Info.plist */ = {isa = PBXFileReference; lastKnownFileType = text.plist.xml; path = Info.plist; sourceTree = "<group>"; };
		E8D3EB38207B09EB00A8DD87 /* TabOneController.swift */ = {isa = PBXFileReference; lastKnownFileType = sourcecode.swift; path = TabOneController.swift; sourceTree = "<group>"; };
		E8D3EB3A207B0AE000A8DD87 /* TabTwoController.swift */ = {isa = PBXFileReference; lastKnownFileType = sourcecode.swift; path = TabTwoController.swift; sourceTree = "<group>"; };
		E8D3EB3C207B0B4900A8DD87 /* TabTreeController.swift */ = {isa = PBXFileReference; lastKnownFileType = sourcecode.swift; path = TabTreeController.swift; sourceTree = "<group>"; };
		E8D3EB40207B0E1D00A8DD87 /* HomeActivityController.swift */ = {isa = PBXFileReference; lastKnownFileType = sourcecode.swift; path = HomeActivityController.swift; sourceTree = "<group>"; };
		E8D3EB42207B3CD300A8DD87 /* TableViewCell.swift */ = {isa = PBXFileReference; lastKnownFileType = sourcecode.swift; path = TableViewCell.swift; sourceTree = "<group>"; };
		E8D3EB44207B416400A8DD87 /* CommonUtil.swift */ = {isa = PBXFileReference; lastKnownFileType = sourcecode.swift; path = CommonUtil.swift; sourceTree = "<group>"; };
		E8D3EB46207B465600A8DD87 /* TableViewHeaderSection.swift */ = {isa = PBXFileReference; lastKnownFileType = sourcecode.swift; path = TableViewHeaderSection.swift; sourceTree = "<group>"; };
		E8D3EB4A207B48F600A8DD87 /* icon.png */ = {isa = PBXFileReference; lastKnownFileType = image.png; name = icon.png; path = ../../icon.png; sourceTree = "<group>"; };
		E8D3EB4B207B48F700A8DD87 /* icon2x.png */ = {isa = PBXFileReference; lastKnownFileType = image.png; name = icon2x.png; path = ../../icon2x.png; sourceTree = "<group>"; };
		E8D3EB4E207B587E00A8DD87 /* DemoTableViewController.swift */ = {isa = PBXFileReference; lastKnownFileType = sourcecode.swift; path = DemoTableViewController.swift; sourceTree = "<group>"; };
/* End PBXFileReference section */

/* Begin PBXFrameworksBuildPhase section */
		E8D3EB1D207B09B500A8DD87 /* Frameworks */ = {
			isa = PBXFrameworksBuildPhase;
			buildActionMask = 2147483647;
			files = (
			);
			runOnlyForDeploymentPostprocessing = 0;
		};
/* End PBXFrameworksBuildPhase section */

/* Begin PBXGroup section */
		E8D3EB17207B09B500A8DD87 = {
			isa = PBXGroup;
			children = (
				E8D3EB22207B09B500A8DD87 /* LearningLayout */,
				E8D3EB21207B09B500A8DD87 /* Products */,
			);
			sourceTree = "<group>";
		};
		E8D3EB21207B09B500A8DD87 /* Products */ = {
			isa = PBXGroup;
			children = (
				E8D3EB20207B09B500A8DD87 /* LearningLayout.app */,
			);
			name = Products;
			sourceTree = "<group>";
		};
		E8D3EB22207B09B500A8DD87 /* LearningLayout */ = {
			isa = PBXGroup;
			children = (
				E8D3EB23207B09B500A8DD87 /* AppDelegate.swift */,
				E8D3EB25207B09B600A8DD87 /* ViewController.swift */,
				E8D3EB27207B09B600A8DD87 /* Main.storyboard */,
				E8D3EB2D207B09B600A8DD87 /* Assets.xcassets */,
				E8D3EB4A207B48F600A8DD87 /* icon.png */,
				E8D3EB4B207B48F700A8DD87 /* icon2x.png */,
				E8D3EB2F207B09B700A8DD87 /* LaunchScreen.storyboard */,
				E8D3EB32207B09B700A8DD87 /* Info.plist */,
				E8D3EB2A207B09B600A8DD87 /* LearningLayout.xcdatamodeld */,
				E8D3EB38207B09EB00A8DD87 /* TabOneController.swift */,
				E8D3EB3A207B0AE000A8DD87 /* TabTwoController.swift */,
				E8D3EB3C207B0B4900A8DD87 /* TabTreeController.swift */,
				E8D3EB40207B0E1D00A8DD87 /* HomeActivityController.swift */,
				E8D3EB42207B3CD300A8DD87 /* TableViewCell.swift */,
				E8D3EB44207B416400A8DD87 /* CommonUtil.swift */,
				E8D3EB46207B465600A8DD87 /* TableViewHeaderSection.swift */,
				E8D3EB4E207B587E00A8DD87 /* DemoTableViewController.swift */,
			);
			path = LearningLayout;
			sourceTree = "<group>";
		};
/* End PBXGroup section */

/* Begin PBXNativeTarget section */
		E8D3EB1F207B09B500A8DD87 /* LearningLayout */ = {
			isa = PBXNativeTarget;
			buildConfigurationList = E8D3EB35207B09B700A8DD87 /* Build configuration list for PBXNativeTarget "LearningLayout" */;
			buildPhases = (
				E8D3EB1C207B09B500A8DD87 /* Sources */,
				E8D3EB1D207B09B500A8DD87 /* Frameworks */,
				E8D3EB1E207B09B500A8DD87 /* Resources */,
			);
			buildRules = (
			);
			dependencies = (
			);
			name = LearningLayout;
			productName = LearningLayout;
			productReference = E8D3EB20207B09B500A8DD87 /* LearningLayout.app */;
			productType = "com.apple.product-type.application";
		};
/* End PBXNativeTarget section */

/* Begin PBXProject section */
		E8D3EB18207B09B500A8DD87 /* Project object */ = {
			isa = PBXProject;
			attributes = {
				LastSwiftUpdateCheck = 0920;
				LastUpgradeCheck = 0920;
				ORGANIZATIONNAME = Engineer;
				TargetAttributes = {
					E8D3EB1F207B09B500A8DD87 = {
						CreatedOnToolsVersion = 9.2;
						ProvisioningStyle = Automatic;
					};
				};
			};
			buildConfigurationList = E8D3EB1B207B09B500A8DD87 /* Build configuration list for PBXProject "LearningLayout" */;
			compatibilityVersion = "Xcode 8.0";
			developmentRegion = en;
			hasScannedForEncodings = 0;
			knownRegions = (
				en,
				Base,
			);
			mainGroup = E8D3EB17207B09B500A8DD87;
			productRefGroup = E8D3EB21207B09B500A8DD87 /* Products */;
			projectDirPath = "";
			projectRoot = "";
			targets = (
				E8D3EB1F207B09B500A8DD87 /* LearningLayout */,
			);
		};
/* End PBXProject section */

/* Begin PBXResourcesBuildPhase section */
		E8D3EB1E207B09B500A8DD87 /* Resources */ = {
			isa = PBXResourcesBuildPhase;
			buildActionMask = 2147483647;
			files = (
				E8D3EB4C207B48F700A8DD87 /* icon.png in Resources */,
				E8D3EB31207B09B700A8DD87 /* LaunchScreen.storyboard in Resources */,
				E8D3EB2E207B09B600A8DD87 /* Assets.xcassets in Resources */,
				E8D3EB29207B09B600A8DD87 /* Main.storyboard in Resources */,
				E8D3EB4D207B48F700A8DD87 /* icon2x.png in Resources */,
			);
			runOnlyForDeploymentPostprocessing = 0;
		};
/* End PBXResourcesBuildPhase section */

/* Begin PBXSourcesBuildPhase section */
		E8D3EB1C207B09B500A8DD87 /* Sources */ = {
			isa = PBXSourcesBuildPhase;
			buildActionMask = 2147483647;
			files = (
				E8D3EB41207B0E1D00A8DD87 /* HomeActivityController.swift in Sources */,
				E8D3EB43207B3CD300A8DD87 /* TableViewCell.swift in Sources */,
				E8D3EB39207B09EB00A8DD87 /* TabOneController.swift in Sources */,
				E8D3EB4F207B587E00A8DD87 /* DemoTableViewController.swift in Sources */,
				E8D3EB2C207B09B600A8DD87 /* LearningLayout.xcdatamodeld in Sources */,
				E8D3EB47207B465600A8DD87 /* TableViewHeaderSection.swift in Sources */,
				E8D3EB3B207B0AE000A8DD87 /* TabTwoController.swift in Sources */,
				E8D3EB45207B416400A8DD87 /* CommonUtil.swift in Sources */,
				E8D3EB3D207B0B4900A8DD87 /* TabTreeController.swift in Sources */,
				E8D3EB26207B09B600A8DD87 /* ViewController.swift in Sources */,
				E8D3EB24207B09B500A8DD87 /* AppDelegate.swift in Sources */,
			);
			runOnlyForDeploymentPostprocessing = 0;
		};
/* End PBXSourcesBuildPhase section */

/* Begin PBXVariantGroup section */
		E8D3EB27207B09B600A8DD87 /* Main.storyboard */ = {
			isa = PBXVariantGroup;
			children = (
				E8D3EB28207B09B600A8DD87 /* Base */,
			);
			name = Main.storyboard;
			sourceTree = "<group>";
		};
		E8D3EB2F207B09B700A8DD87 /* LaunchScreen.storyboard */ = {
			isa = PBXVariantGroup;
			children = (
				E8D3EB30207B09B700A8DD87 /* Base */,
			);
			name = LaunchScreen.storyboard;
			sourceTree = "<group>";
		};
/* End PBXVariantGroup section */

/* Begin XCBuildConfiguration section */
		E8D3EB33207B09B700A8DD87 /* Debug */ = {
			isa = XCBuildConfiguration;
			buildSettings = {
				ALWAYS_SEARCH_USER_PATHS = NO;
				CLANG_ANALYZER_NONNULL = YES;
				CLANG_ANALYZER_NUMBER_OBJECT_CONVERSION = YES_AGGRESSIVE;
				CLANG_CXX_LANGUAGE_STANDARD = "gnu++14";
				CLANG_CXX_LIBRARY = "libc++";
				CLANG_ENABLE_MODULES = YES;
				CLANG_ENABLE_OBJC_ARC = YES;
				CLANG_WARN_BLOCK_CAPTURE_AUTORELEASING = YES;
				CLANG_WARN_BOOL_CONVERSION = YES;
				CLANG_WARN_COMMA = YES;
				CLANG_WARN_CONSTANT_CONVERSION = YES;
				CLANG_WARN_DIRECT_OBJC_ISA_USAGE = YES_ERROR;
				CLANG_WARN_DOCUMENTATION_COMMENTS = YES;
				CLANG_WARN_EMPTY_BODY = YES;
				CLANG_WARN_ENUM_CONVERSION = YES;
				CLANG_WARN_INFINITE_RECURSION = YES;
				CLANG_WARN_INT_CONVERSION = YES;
				CLANG_WARN_NON_LITERAL_NULL_CONVERSION = YES;
				CLANG_WARN_OBJC_LITERAL_CONVERSION = YES;
				CLANG_WARN_OBJC_ROOT_CLASS = YES_ERROR;
				CLANG_WARN_RANGE_LOOP_ANALYSIS = YES;
				CLANG_WARN_STRICT_PROTOTYPES = YES;
				CLANG_WARN_SUSPICIOUS_MOVE = YES;
				CLANG_WARN_UNGUARDED_AVAILABILITY = YES_AGGRESSIVE;
				CLANG_WARN_UNREACHABLE_CODE = YES;
				CLANG_WARN__DUPLICATE_METHOD_MATCH = YES;
				CODE_SIGN_IDENTITY = "iPhone Developer";
				COPY_PHASE_STRIP = NO;
				DEBUG_INFORMATION_FORMAT = dwarf;
				ENABLE_STRICT_OBJC_MSGSEND = YES;
				ENABLE_TESTABILITY = YES;
				GCC_C_LANGUAGE_STANDARD = gnu11;
				GCC_DYNAMIC_NO_PIC = NO;
				GCC_NO_COMMON_BLOCKS = YES;
				GCC_OPTIMIZATION_LEVEL = 0;
				GCC_PREPROCESSOR_DEFINITIONS = (
					"DEBUG=1",
					"$(inherited)",
				);
				GCC_WARN_64_TO_32_BIT_CONVERSION = YES;
				GCC_WARN_ABOUT_RETURN_TYPE = YES_ERROR;
				GCC_WARN_UNDECLARED_SELECTOR = YES;
				GCC_WARN_UNINITIALIZED_AUTOS = YES_AGGRESSIVE;
				GCC_WARN_UNUSED_FUNCTION = YES;
				GCC_WARN_UNUSED_VARIABLE = YES;
				IPHONEOS_DEPLOYMENT_TARGET = 11.2;
				MTL_ENABLE_DEBUG_INFO = YES;
				ONLY_ACTIVE_ARCH = YES;
				SDKROOT = iphoneos;
				SWIFT_ACTIVE_COMPILATION_CONDITIONS = DEBUG;
				SWIFT_OPTIMIZATION_LEVEL = "-Onone";
			};
			name = Debug;
		};
		E8D3EB34207B09B700A8DD87 /* Release */ = {
			isa = XCBuildConfiguration;
			buildSettings = {
				ALWAYS_SEARCH_USER_PATHS = NO;
				CLANG_ANALYZER_NONNULL = YES;
				CLANG_ANALYZER_NUMBER_OBJECT_CONVERSION = YES_AGGRESSIVE;
				CLANG_CXX_LANGUAGE_STANDARD = "gnu++14";
				CLANG_CXX_LIBRARY = "libc++";
				CLANG_ENABLE_MODULES = YES;
				CLANG_ENABLE_OBJC_ARC = YES;
				CLANG_WARN_BLOCK_CAPTURE_AUTORELEASING = YES;
				CLANG_WARN_BOOL_CONVERSION = YES;
				CLANG_WARN_COMMA = YES;
				CLANG_WARN_CONSTANT_CONVERSION = YES;
				CLANG_WARN_DIRECT_OBJC_ISA_USAGE = YES_ERROR;
				CLANG_WARN_DOCUMENTATION_COMMENTS = YES;
				CLANG_WARN_EMPTY_BODY = YES;
				CLANG_WARN_ENUM_CONVERSION = YES;
				CLANG_WARN_INFINITE_RECURSION = YES;
				CLANG_WARN_INT_CONVERSION = YES;
				CLANG_WARN_NON_LITERAL_NULL_CONVERSION = YES;
				CLANG_WARN_OBJC_LITERAL_CONVERSION = YES;
				CLANG_WARN_OBJC_ROOT_CLASS = YES_ERROR;
				CLANG_WARN_RANGE_LOOP_ANALYSIS = YES;
				CLANG_WARN_STRICT_PROTOTYPES = YES;
				CLANG_WARN_SUSPICIOUS_MOVE = YES;
				CLANG_WARN_UNGUARDED_AVAILABILITY = YES_AGGRESSIVE;
				CLANG_WARN_UNREACHABLE_CODE = YES;
				CLANG_WARN__DUPLICATE_METHOD_MATCH = YES;
				CODE_SIGN_IDENTITY = "iPhone Developer";
				COPY_PHASE_STRIP = NO;
				DEBUG_INFORMATION_FORMAT = "dwarf-with-dsym";
				ENABLE_NS_ASSERTIONS = NO;
				ENABLE_STRICT_OBJC_MSGSEND = YES;
				GCC_C_LANGUAGE_STANDARD = gnu11;
				GCC_NO_COMMON_BLOCKS = YES;
				GCC_WARN_64_TO_32_BIT_CONVERSION = YES;
				GCC_WARN_ABOUT_RETURN_TYPE = YES_ERROR;
				GCC_WARN_UNDECLARED_SELECTOR = YES;
				GCC_WARN_UNINITIALIZED_AUTOS = YES_AGGRESSIVE;
				GCC_WARN_UNUSED_FUNCTION = YES;
				GCC_WARN_UNUSED_VARIABLE = YES;
				IPHONEOS_DEPLOYMENT_TARGET = 11.2;
				MTL_ENABLE_DEBUG_INFO = NO;
				SDKROOT = iphoneos;
				SWIFT_OPTIMIZATION_LEVEL = "-Owholemodule";
				VALIDATE_PRODUCT = YES;
			};
			name = Release;
		};
		E8D3EB36207B09B700A8DD87 /* Debug */ = {
			isa = XCBuildConfiguration;
			buildSettings = {
				ASSETCATALOG_COMPILER_APPICON_NAME = AppIcon;
				CODE_SIGN_STYLE = Automatic;
				INFOPLIST_FILE = LearningLayout/Info.plist;
				LD_RUNPATH_SEARCH_PATHS = "$(inherited) @executable_path/Frameworks";
				PRODUCT_BUNDLE_IDENTIFIER = irfan.LearningLayout;
				PRODUCT_NAME = "$(TARGET_NAME)";
				SWIFT_VERSION = 4.0;
				TARGETED_DEVICE_FAMILY = "1,2";
			};
			name = Debug;
		};
		E8D3EB37207B09B700A8DD87 /* Release */ = {
			isa = XCBuildConfiguration;
			buildSettings = {
				ASSETCATALOG_COMPILER_APPICON_NAME = AppIcon;
				CODE_SIGN_STYLE = Automatic;
				INFOPLIST_FILE = LearningLayout/Info.plist;
				LD_RUNPATH_SEARCH_PATHS = "$(inherited) @executable_path/Frameworks";
				PRODUCT_BUNDLE_IDENTIFIER = irfan.LearningLayout;
				PRODUCT_NAME = "$(TARGET_NAME)";
				SWIFT_VERSION = 4.0;
				TARGETED_DEVICE_FAMILY = "1,2";
			};
			name = Release;
		};
/* End XCBuildConfiguration section */

/* Begin XCConfigurationList section */
		E8D3EB1B207B09B500A8DD87 /* Build configuration list for PBXProject "LearningLayout" */ = {
			isa = XCConfigurationList;
			buildConfigurations = (
				E8D3EB33207B09B700A8DD87 /* Debug */,
				E8D3EB34207B09B700A8DD87 /* Release */,
			);
			defaultConfigurationIsVisible = 0;
			defaultConfigurationName = Release;
		};
		E8D3EB35207B09B700A8DD87 /* Build configuration list for PBXNativeTarget "LearningLayout" */ = {
			isa = XCConfigurationList;
			buildConfigurations = (
				E8D3EB36207B09B700A8DD87 /* Debug */,
				E8D3EB37207B09B700A8DD87 /* Release */,
			);
			defaultConfigurationIsVisible = 0;
			defaultConfigurationName = Release;
		};
/* End XCConfigurationList section */

/* Begin XCVersionGroup section */
		E8D3EB2A207B09B600A8DD87 /* LearningLayout.xcdatamodeld */ = {
			isa = XCVersionGroup;
			children = (
				E8D3EB2B207B09B600A8DD87 /* LearningLayout.xcdatamodel */,
			);
			currentVersion = E8D3EB2B207B09B600A8DD87 /* LearningLayout.xcdatamodel */;
			path = LearningLayout.xcdatamodeld;
			sourceTree = "<group>";
			versionGroupType = wrapper.xcdatamodel;
		};
/* End XCVersionGroup section */
	};
	rootObject = E8D3EB18207B09B500A8DD87 /* Project object */;
}
